
Microsoft Visual Studio Solution File, Format Version 12.00
# Visual Studio 15
VisualStudioVersion = 15.0.26730.3
MinimumVisualStudioVersion = 10.0.40219.1
Project("{9092AA53-FB77-4645-B42D-1CCCA6BD08BD}") = "Amper", "Amper\Amper.njsproj", "{5500BC4C-379F-4A33-83B0-7A6FCDF1C5F8}"
EndProject
Global
	GlobalSection(SolutionConfigurationPlatforms) = preSolution
		Debug|Any CPU = Debug|Any CPU
		Release|Any CPU = Release|Any CPU
	EndGlobalSection
	GlobalSection(ProjectConfigurationPlatforms) = postSolution
		{5500BC4C-379F-4A33-83B0-7A6FCDF1C5F8}.Debug|Any CPU.ActiveCfg = Debug|Any CPU
		{5500BC4C-379F-4A33-83B0-7A6FCDF1C5F8}.Debug|Any CPU.Build.0 = Debug|Any CPU
		{5500BC4C-379F-4A33-83B0-7A6FCDF1C5F8}.Release|Any CPU.ActiveCfg = Release|Any CPU
		{5500BC4C-379F-4A33-83B0-7A6FCDF1C5F8}.Release|Any CPU.Build.0 = Release|Any CPU
	EndGlobalSection
	GlobalSection(SolutionProperties) = preSolution
		HideSolutionNode = FALSE
	EndGlobalSection
	GlobalSection(ExtensibilityGlobals) = postSolution
		SolutionGuid = {CAC0E6B3-3182-42E9-B8CB-FBC03413F3A9}
	EndGlobalSection
EndGlobal
